name: Update uv.lock

on:
  workflow_dispatch:
  pull_request:
    paths:
      - "pyproject.toml"
      - "uv.lock"
  push:
    paths:
      - "pyproject.toml"

permissions:
  contents: write

jobs:
  lock:
    runs-on: ubuntu-latest
    steps:
      - uses: actions/checkout@v4

      - name: Install uv
        uses: astral-sh/setup-uv@v3
        with:
          version: "0.8.15"

      - name: Set up Python
        uses: actions/setup-python@v5
        with:
          python-version: "3.13.9"

      - name: Generate uv.lock
        run: uv lock

      - name: Commit uv.lock (if changed)
        run: |
          if git diff --quiet -- uv.lock; then
            echo "uv.lock unchanged"
            exit 0
          fi
          git config user.name "github-actions[bot]"
          git config user.email "github-actions[bot]@users.noreply.github.com"
          git add uv.lock
          git commit -m "chore: update uv.lock"
          git push
